<?xml version="1.0" encoding="utf-8"?>
<Project ToolsVersion="4.0" xmlns="http://schemas.microsoft.com/developer/msbuild/2003">
  <ItemGroup>
    <Filter Include="Resource Files">
      <UniqueIdentifier>{67DA6AB6-F800-4c08-8B7A-83BB121AAD01}</UniqueIdentifier>
      <Extensions>rc;ico;cur;bmp;dlg;rc2;rct;bin;rgs;gif;jpg;jpeg;jpe;resx;tiff;tif;png;wav;mfcribbon-ms</Extensions>
    </Filter>
    <Filter Include="Renderer">
      <UniqueIdentifier>{dbe27faf-8b35-428a-8913-18afef0ed647}</UniqueIdentifier>
    </Filter>
    <Filter Include="Game">
      <UniqueIdentifier>{131ca346-78f1-415d-b915-64072d306638}</UniqueIdentifier>
    </Filter>
    <Filter Include="IMGUI">
      <UniqueIdentifier>{801185a1-fa19-4b61-bbff-b6f6c38ba8df}</UniqueIdentifier>
    </Filter>
    <Filter Include="Renderer\OpenGL">
      <UniqueIdentifier>{3c33ce06-2a9e-441c-be09-099aa146ef63}</UniqueIdentifier>
    </Filter>
  </ItemGroup>
  <ItemGroup>
    <ClCompile Include="BaseGame\BaseGame.cpp">
      <Filter>Game</Filter>
    </ClCompile>
    <ClCompile Include="BaseGame\Config.cpp">
      <Filter>Game</Filter>
    </ClCompile>
    <ClCompile Include="BaseGame\IMGUI\imgui.cpp">
      <Filter>IMGUI</Filter>
    </ClCompile>
    <ClCompile Include="BaseGame\IMGUI\imgui_demo.cpp">
      <Filter>IMGUI</Filter>
    </ClCompile>
    <ClCompile Include="BaseGame\IMGUI\imgui_draw.cpp">
      <Filter>IMGUI</Filter>
    </ClCompile>
    <ClCompile Include="BaseGame\IMGUI\imgui_impl_sdl_gl3.cpp">
      <Filter>IMGUI</Filter>
    </ClCompile>
    <ClCompile Include="BaseGame\Timer.cpp">
      <Filter>Game</Filter>
    </ClCompile>
    <ClCompile Include="Renderer\OpenGLRenderer.cpp">
      <Filter>Renderer\OpenGL</Filter>
    </ClCompile>
    <ClCompile Include="Renderer\OpenGLVertexBuffer.cpp">
      <Filter>Renderer\OpenGL</Filter>
    </ClCompile>
    <ClCompile Include="Renderer\OpenGLVertexLayout.cpp">
      <Filter>Renderer\OpenGL</Filter>
    </ClCompile>
    <ClCompile Include="Renderer\OpenGLShader.cpp">
      <Filter>Renderer\OpenGL</Filter>
    </ClCompile>
    <ClCompile Include="Renderer\OpenGLShaderProgram.cpp">
      <Filter>Renderer\OpenGL</Filter>
    </ClCompile>
  </ItemGroup>
  <ItemGroup>
    <ClInclude Include="BaseGame\BaseGame.h">
      <Filter>Game</Filter>
    </ClInclude>
    <ClInclude Include="BaseGame\Config.h">
      <Filter>Game</Filter>
    </ClInclude>
    <ClInclude Include="Renderer\Renderer.h">
      <Filter>Renderer</Filter>
    </ClInclude>
    <ClInclude Include="BaseGame\IMGUI\imconfig.h">
      <Filter>IMGUI</Filter>
    </ClInclude>
    <ClInclude Include="BaseGame\IMGUI\imgui.h">
      <Filter>IMGUI</Filter>
    </ClInclude>
    <ClInclude Include="BaseGame\IMGUI\imgui_impl_sdl_gl3.h">
      <Filter>IMGUI</Filter>
    </ClInclude>
    <ClInclude Include="BaseGame\IMGUI\imgui_internal.h">
      <Filter>IMGUI</Filter>
    </ClInclude>
    <ClInclude Include="BaseGame\IMGUI\stb_rect_pack.h">
      <Filter>IMGUI</Filter>
    </ClInclude>
    <ClInclude Include="BaseGame\IMGUI\stb_textedit.h">
      <Filter>IMGUI</Filter>
    </ClInclude>
    <ClInclude Include="BaseGame\IMGUI\stb_truetype.h">
      <Filter>IMGUI</Filter>
    </ClInclude>
    <ClInclude Include="BaseGame\Timer.h">
      <Filter>Game</Filter>
    </ClInclude>
    <ClInclude Include="Renderer\VertexBuffer.h">
      <Filter>Renderer</Filter>
    </ClInclude>
    <ClInclude Include="Renderer\VertexLayout.h">
      <Filter>Renderer</Filter>
    </ClInclude>
    <ClInclude Include="Renderer\OpenGLRenderer.h">
      <Filter>Renderer\OpenGL</Filter>
    </ClInclude>
    <ClInclude Include="Renderer\OpenGLVertexBuffer.h">
      <Filter>Renderer\OpenGL</Filter>
    </ClInclude>
    <ClInclude Include="Renderer\OpenGLVertexLayout.h">
      <Filter>Renderer\OpenGL</Filter>
    </ClInclude>
    <ClInclude Include="Renderer\Shader.h">
      <Filter>Renderer</Filter>
    </ClInclude>
    <ClInclude Include="Renderer\OpenGLShader.h">
      <Filter>Renderer\OpenGL</Filter>
    </ClInclude>
    <ClInclude Include="Renderer\ShaderProgram.h">
      <Filter>Renderer</Filter>
    </ClInclude>
    <ClInclude Include="Renderer\OpenGLShaderProgram.h">
      <Filter>Renderer\OpenGL</Filter>
    </ClInclude>
  </ItemGroup>
</Project>